{
  "requires": true,
  "lockfileVersion": 1,
  "dependencies": {
    "phantomjs-polyfill-array-from": {
      "version": "1.0.1",
      "resolved": "https://registry.npmjs.org/phantomjs-polyfill-array-from/-/phantomjs-polyfill-array-from-1.0.1.tgz",
      "integrity": "sha1-FQ8qynP5nbmwI9WfEBnCDnSErSw=",
      "dev": true
    }
  }
}
